
Microsoft Visual Studio Solution File, Format Version 10.00
# Visual Studio 2008
Project("{FAE04EC0-301F-11D3-BF4B-00C04F79EFBC}") = "WordOpenKMAddIn", "WordOpenKMAddIn\WordOpenKMAddIn.csproj", "{D649B18D-EB98-4694-ABF8-C8E101E8A9B4}"
EndProject
Project("{54435603-DBB4-11D2-8724-00A0C9A8B90C}") = "WordOpenKMAddInInstaller", "WordOpenKMAddInInstaller\WordOpenKMAddInInstaller.vdproj", "{8FC2BD6E-B69C-4B53-B04A-8896F9133293}"
EndProject
Global
	GlobalSection(SolutionConfigurationPlatforms) = preSolution
		Debug|Any CPU = Debug|Any CPU
		Release|Any CPU = Release|Any CPU
	EndGlobalSection
	GlobalSection(ProjectConfigurationPlatforms) = postSolution
		{D649B18D-EB98-4694-ABF8-C8E101E8A9B4}.Debug|Any CPU.ActiveCfg = Debug|Any CPU
		{D649B18D-EB98-4694-ABF8-C8E101E8A9B4}.Debug|Any CPU.Build.0 = Debug|Any CPU
		{D649B18D-EB98-4694-ABF8-C8E101E8A9B4}.Release|Any CPU.ActiveCfg = Release|Any CPU
		{D649B18D-EB98-4694-ABF8-C8E101E8A9B4}.Release|Any CPU.Build.0 = Release|Any CPU
		{8FC2BD6E-B69C-4B53-B04A-8896F9133293}.Debug|Any CPU.ActiveCfg = Debug
		{8FC2BD6E-B69C-4B53-B04A-8896F9133293}.Release|Any CPU.ActiveCfg = Release
		{8FC2BD6E-B69C-4B53-B04A-8896F9133293}.Release|Any CPU.Build.0 = Release
	EndGlobalSection
	GlobalSection(SolutionProperties) = preSolution
		HideSolutionNode = FALSE
	EndGlobalSection
EndGlobal
