
Microsoft Visual Studio Solution File, Format Version 11.00
# Visual Studio 2010
Project("{FAE04EC0-301F-11D3-BF4B-00C04F79EFBC}") = "OpenKMPowerPointAddIn", "OpenKMPowerPointAddIn\OpenKMPowerPointAddIn.csproj", "{DC9D9CB5-04BF-4416-8464-B8EE7A1D70CA}"
EndProject
Project("{54435603-DBB4-11D2-8724-00A0C9A8B90C}") = "OpenKMPowerPointAddInSetup", "OpenKMPowerPointAddIn\OpenKMPowerPointAddInSetup\OpenKMPowerPointAddInSetup.vdproj", "{9B89C0E8-8EA2-47EF-9217-C171AE00462F}"
EndProject
Global
	GlobalSection(SolutionConfigurationPlatforms) = preSolution
		Debug|Any CPU = Debug|Any CPU
		Release|Any CPU = Release|Any CPU
	EndGlobalSection
	GlobalSection(ProjectConfigurationPlatforms) = postSolution
		{DC9D9CB5-04BF-4416-8464-B8EE7A1D70CA}.Debug|Any CPU.ActiveCfg = Debug|Any CPU
		{DC9D9CB5-04BF-4416-8464-B8EE7A1D70CA}.Debug|Any CPU.Build.0 = Debug|Any CPU
		{DC9D9CB5-04BF-4416-8464-B8EE7A1D70CA}.Release|Any CPU.ActiveCfg = Release|Any CPU
		{DC9D9CB5-04BF-4416-8464-B8EE7A1D70CA}.Release|Any CPU.Build.0 = Release|Any CPU
		{9B89C0E8-8EA2-47EF-9217-C171AE00462F}.Debug|Any CPU.ActiveCfg = Debug
		{9B89C0E8-8EA2-47EF-9217-C171AE00462F}.Debug|Any CPU.Build.0 = Debug
		{9B89C0E8-8EA2-47EF-9217-C171AE00462F}.Release|Any CPU.ActiveCfg = Release
		{9B89C0E8-8EA2-47EF-9217-C171AE00462F}.Release|Any CPU.Build.0 = Release
	EndGlobalSection
	GlobalSection(SolutionProperties) = preSolution
		HideSolutionNode = FALSE
	EndGlobalSection
EndGlobal
