
Microsoft Visual Studio Solution File, Format Version 11.00
# Visual Studio 2010
Project("{FAE04EC0-301F-11D3-BF4B-00C04F79EFBC}") = "MSOpenKMCore", "MSOpenKMCore\MSOpenKMCore.csproj", "{09BFE90E-D36D-4ACD-83A8-BB2D19F180ED}"
EndProject
Project("{FAE04EC0-301F-11D3-BF4B-00C04F79EFBC}") = "WebservicesTest", "WebservicesTest\WebservicesTest.csproj", "{02DFA319-019D-4FE3-A2B9-FCF4C1B2C8C8}"
EndProject
Global
	GlobalSection(SolutionConfigurationPlatforms) = preSolution
		Debug|Any CPU = Debug|Any CPU
		Release|Any CPU = Release|Any CPU
	EndGlobalSection
	GlobalSection(ProjectConfigurationPlatforms) = postSolution
		{09BFE90E-D36D-4ACD-83A8-BB2D19F180ED}.Debug|Any CPU.ActiveCfg = Debug|Any CPU
		{09BFE90E-D36D-4ACD-83A8-BB2D19F180ED}.Debug|Any CPU.Build.0 = Debug|Any CPU
		{09BFE90E-D36D-4ACD-83A8-BB2D19F180ED}.Release|Any CPU.ActiveCfg = Release|Any CPU
		{09BFE90E-D36D-4ACD-83A8-BB2D19F180ED}.Release|Any CPU.Build.0 = Release|Any CPU
		{02DFA319-019D-4FE3-A2B9-FCF4C1B2C8C8}.Debug|Any CPU.ActiveCfg = Debug|Any CPU
		{02DFA319-019D-4FE3-A2B9-FCF4C1B2C8C8}.Debug|Any CPU.Build.0 = Debug|Any CPU
		{02DFA319-019D-4FE3-A2B9-FCF4C1B2C8C8}.Release|Any CPU.ActiveCfg = Release|Any CPU
		{02DFA319-019D-4FE3-A2B9-FCF4C1B2C8C8}.Release|Any CPU.Build.0 = Release|Any CPU
	EndGlobalSection
	GlobalSection(SolutionProperties) = preSolution
		HideSolutionNode = FALSE
	EndGlobalSection
EndGlobal
