
Microsoft Visual Studio Solution File, Format Version 11.00
# Visual Studio 2010
Project("{FAE04EC0-301F-11D3-BF4B-00C04F79EFBC}") = "OpenKMOutlookAddIn", "OpenKMOutlookAddIn\OpenKMOutlookAddIn.csproj", "{BDFFC8B1-935B-4377-AA42-AA58CB312E40}"
EndProject
Project("{54435603-DBB4-11D2-8724-00A0C9A8B90C}") = "OpenKMOutlookAddInSetup", "OpenKMOutlookAddIn\OpenKMOutlookAddInSetup\OpenKMOutlookAddInSetup.vdproj", "{A5C72CE6-7F78-4D3D-B3D3-BCB3A54B57F9}"
EndProject
Global
	GlobalSection(SolutionConfigurationPlatforms) = preSolution
		Debug|Any CPU = Debug|Any CPU
		Release|Any CPU = Release|Any CPU
	EndGlobalSection
	GlobalSection(ProjectConfigurationPlatforms) = postSolution
		{BDFFC8B1-935B-4377-AA42-AA58CB312E40}.Debug|Any CPU.ActiveCfg = Debug|Any CPU
		{BDFFC8B1-935B-4377-AA42-AA58CB312E40}.Debug|Any CPU.Build.0 = Debug|Any CPU
		{BDFFC8B1-935B-4377-AA42-AA58CB312E40}.Release|Any CPU.ActiveCfg = Release|Any CPU
		{BDFFC8B1-935B-4377-AA42-AA58CB312E40}.Release|Any CPU.Build.0 = Release|Any CPU
		{A5C72CE6-7F78-4D3D-B3D3-BCB3A54B57F9}.Debug|Any CPU.ActiveCfg = Debug
		{A5C72CE6-7F78-4D3D-B3D3-BCB3A54B57F9}.Debug|Any CPU.Build.0 = Debug
		{A5C72CE6-7F78-4D3D-B3D3-BCB3A54B57F9}.Release|Any CPU.ActiveCfg = Release
		{A5C72CE6-7F78-4D3D-B3D3-BCB3A54B57F9}.Release|Any CPU.Build.0 = Release
	EndGlobalSection
	GlobalSection(SolutionProperties) = preSolution
		HideSolutionNode = FALSE
	EndGlobalSection
EndGlobal
